
Microsoft Visual Studio Solution File, Format Version 12.00
# Visual Studio Version 17
VisualStudioVersion = 17.9.34728.123
MinimumVisualStudioVersion = 10.0.40219.1
Project("{9A19103F-16F7-4668-BE54-9A1E7A4F7556}") = "RaytracingProject", "RaytracingProject\RaytracingProject.csproj", "{53A77FA8-9229-4F24-BE35-7772CE8B06FB}"
EndProject
Global
	GlobalSection(SolutionConfigurationPlatforms) = preSolution
		Debug|Any CPU = Debug|Any CPU
		Release|Any CPU = Release|Any CPU
	EndGlobalSection
	GlobalSection(ProjectConfigurationPlatforms) = postSolution
		{53A77FA8-9229-4F24-BE35-7772CE8B06FB}.Debug|Any CPU.ActiveCfg = Debug|Any CPU
		{53A77FA8-9229-4F24-BE35-7772CE8B06FB}.Debug|Any CPU.Build.0 = Debug|Any CPU
		{53A77FA8-9229-4F24-BE35-7772CE8B06FB}.Release|Any CPU.ActiveCfg = Release|Any CPU
		{53A77FA8-9229-4F24-BE35-7772CE8B06FB}.Release|Any CPU.Build.0 = Release|Any CPU
	EndGlobalSection
	GlobalSection(SolutionProperties) = preSolution
		HideSolutionNode = FALSE
	EndGlobalSection
	GlobalSection(ExtensibilityGlobals) = postSolution
		SolutionGuid = {BB783D3A-B570-4614-8B1D-4A77F5A7C62B}
	EndGlobalSection
EndGlobal
